
Microsoft Visual Studio Solution File, Format Version 12.00
# Visual Studio Version 17
VisualStudioVersion = 17.0.32112.339
MinimumVisualStudioVersion = 10.0.40219.1
Project("{FAE04EC0-301F-11D3-BF4B-00C04F79EFBC}") = "BattleshipLiteLibrary", "BattleshipLiteLibrary\BattleshipLiteLibrary.csproj", "{4E2C10FC-FFDD-453E-A3EF-E59636A3D1E2}"
EndProject
Project("{FAE04EC0-301F-11D3-BF4B-00C04F79EFBC}") = "BattleShipLite", "BattleShipLite\BattleShipLite.csproj", "{097495D0-BB53-4E80-9485-68A0CB90C843}"
EndProject
Global
	GlobalSection(SolutionConfigurationPlatforms) = preSolution
		Debug|Any CPU = Debug|Any CPU
		Release|Any CPU = Release|Any CPU
	EndGlobalSection
	GlobalSection(ProjectConfigurationPlatforms) = postSolution
		{4E2C10FC-FFDD-453E-A3EF-E59636A3D1E2}.Debug|Any CPU.ActiveCfg = Debug|Any CPU
		{4E2C10FC-FFDD-453E-A3EF-E59636A3D1E2}.Debug|Any CPU.Build.0 = Debug|Any CPU
		{4E2C10FC-FFDD-453E-A3EF-E59636A3D1E2}.Release|Any CPU.ActiveCfg = Release|Any CPU
		{4E2C10FC-FFDD-453E-A3EF-E59636A3D1E2}.Release|Any CPU.Build.0 = Release|Any CPU
		{097495D0-BB53-4E80-9485-68A0CB90C843}.Debug|Any CPU.ActiveCfg = Debug|Any CPU
		{097495D0-BB53-4E80-9485-68A0CB90C843}.Debug|Any CPU.Build.0 = Debug|Any CPU
		{097495D0-BB53-4E80-9485-68A0CB90C843}.Release|Any CPU.ActiveCfg = Release|Any CPU
		{097495D0-BB53-4E80-9485-68A0CB90C843}.Release|Any CPU.Build.0 = Release|Any CPU
	EndGlobalSection
	GlobalSection(SolutionProperties) = preSolution
		HideSolutionNode = FALSE
	EndGlobalSection
	GlobalSection(ExtensibilityGlobals) = postSolution
		SolutionGuid = {F7326682-CB83-4ECA-9656-C079BC83BEC4}
	EndGlobalSection
EndGlobal
